github.com/hashicorp/golang-lru v0.5.4 h1:YDjusn29QI/Das2iO9M0BHnIbxPeyuCHsjMW+lJfyTc=
github.com/hashicorp/golang-lru v0.5.4/go.mod h1:iADmTwqILo4mZ8BN3D2Q6+9jd8WM5uGBxy+E8yxSoD4=
github.com/reusee/dscope v0.0.0-20211015165530-41bdbb36de38 h1:Oa/FKz+Qv1JgCZKAwOiruVUdsRo8qufu8MghwIQagGk=
github.com/reusee/dscope v0.0.0-20211015165530-41bdbb36de38/go.mod h1:tTsasuEX+yrz/+3Ldde74CT9thEbH1Rwwjgulrs8kbc=
github.com/reusee/e4 v0.0.0-20210823014223-b02406cf2483/go.mod h1:tn7INLQH/YwWai6I0MV227/HgZgagrroPgzfUTLV8No=
github.com/reusee/e4 v0.0.0-20211101154434-4a06b784ca7f h1:NtkYVHPJLis3VabzYqc1OQzkQMfPqR/oWUEzd6E/dO0=
github.com/reusee/e4 v0.0.0-20211101154434-4a06b784ca7f/go.mod h1:tn7INLQH/YwWai6I0MV227/HgZgagrroPgzfUTLV8No=
github.com/reusee/e4qa v0.0.0-20210413061912-3faa8fbddd5d h1:KCtarNB893QCZu623Bq6hv2K+X9UPt8sHTh7MReSLt4=
github.com/reusee/it v0.0.0-20211106172044-201164d08844 h1:LOHelgwFA4E5ptLaVocNBS1/X18CTvUkjwFVDVDTYjE=
github.com/reusee/it v0.0.0-20211106172044-201164d08844/go.mod h1:mgMQfZ3fcM4Cxx8mX1Qu6zcw4gAJG80RAzQq1a32jKw=
github.com/reusee/it v0.0.0-20211109151043-aed9d664c79c h1:U03sHSiAXiZHbUrpvQq+rDXKOGQkdD0luxnBkGqtYXk=
github.com/reusee/it v0.0.0-20211109151043-aed9d664c79c/go.mod h1:mgMQfZ3fcM4Cxx8mX1Qu6zcw4gAJG80RAzQq1a32jKw=
github.com/reusee/it v0.0.0-20211110031258-4e15718f2eb0 h1:k0RnioUva1LMSRIT56TUZpt2rZqqArZw83MBJixG+/0=
github.com/reusee/it v0.0.0-20211110031258-4e15718f2eb0/go.mod h1:mgMQfZ3fcM4Cxx8mX1Qu6zcw4gAJG80RAzQq1a32jKw=
github.com/reusee/it v0.0.0-20211110031929-79bc5e8f9c61 h1:7cPTHNCgCtmfzf+AOI+itRW6R+0FptM9DocFkPRwO84=
github.com/reusee/it v0.0.0-20211110031929-79bc5e8f9c61/go.mod h1:mgMQfZ3fcM4Cxx8mX1Qu6zcw4gAJG80RAzQq1a32jKw=
github.com/reusee/pa v0.0.0-20210520023210-223bb0bf8859 h1:O9D09CNGaoSUf6AXzucwsWg7nq5KVDZYlQxiq/yLaTY=
github.com/reusee/pp v0.0.0-20211003125005-d93fee3792f3 h1:Hog852F0QJR6obfRwnQTUNTPVDtrNBZdrISjF/HB7J4=
github.com/reusee/pp v0.0.0-20211003125005-d93fee3792f3/go.mod h1:gIaQZYXSlerfVtbaiKsLoqDgUWwMxFtAaS9gbwZjT38=
github.com/reusee/pr v0.0.0-20211003125556-3e6e9c7537ae h1:AfgeMVy4r4MZbNfwdA3BzVgbFCCXTJYS16DpDrcd/4g=
github.com/reusee/pr v0.0.0-20211003125556-3e6e9c7537ae/go.mod h1:fSOMkLHlAN656Dsoao9Wwix95HuXevvNA+FnNm9tdhE=
github.com/reusee/qa v0.0.0-20210413131534-5cab38434e4a h1:IOyuRFrJXvfCoicz853kgaXF70+r1xknNyMPUUOzfoM=
github.com/reusee/sb v0.0.0-20211030075527-8700b3e709d5 h1:7aS68ia+9PxxvPJpzoThIG+OLuV2n0XCXS3puvx9Ldc=
github.com/reusee/sb v0.0.0-20211030075527-8700b3e709d5/go.mod h1:UOd+YYBZWwAl2BCO2NVkcOChmakRoTy37D0Qzb5No+U=
github.com/yuin/goldmark v1.2.1/go.mod h1:3hX8gzYuyVAZsxl0MRgGTJEmQBFcNTphYh9decYSb74=
golang.org/x/crypto v0.0.0-20190308221718-c2843e01d9a2/go.mod h1:djNgcEr1/C05ACkg1iLfiJU5Ep61QUkGW8qpdssI0+w=
golang.org/x/crypto v0.0.0-20191011191535-87dc89f01550/go.mod h1:yigFU9vqHzYiE8UmvKecakEJjdnWj3jj499lnFckfCI=
golang.org/x/crypto v0.0.0-20200622213623-75b288015ac9/go.mod h1:LzIPMQfyMNhhGPhUkYOs5KpL4U8rLKemX1yGLhDgUto=
golang.org/x/mod v0.3.0/go.mod h1:s0Qsj1ACt9ePp/hMypM3fl4fZqREWJwdYDEqhRiZZUA=
golang.org/x/mod v0.4.2 h1:Gz96sIWK3OalVv/I/qNygP42zyoKp3xptRVCWRFEBvo=
golang.org/x/net v0.0.0-20190404232315-eb5bcb51f2a3/go.mod h1:t9HGtf8HONx5eT2rtn7q6eTqICYqUVnKs3thJo3Qplg=
golang.org/x/net v0.0.0-20190620200207-3b0461eec859/go.mod h1:z5CRVTTTmAJ677TzLLGU+0bjPO0LkuOLi4/5GtJWs/s=
golang.org/x/net v0.0.0-20201021035429-f5854403a974/go.mod h1:sp8m0HH+o8qH0wwXwYZr8TS3Oi6o0r6Gce1SSxlDquU=
golang.org/x/sync v0.0.0-20190423024810-112230192c58/go.mod h1:RxMgew5VJxzue5/jJTE5uejpjVlOe/izrB70Jof72aM=
golang.org/x/sync v0.0.0-20201020160332-67f06af15bc9/go.mod h1:RxMgew5VJxzue5/jJTE5uejpjVlOe/izrB70Jof72aM=
golang.org/x/sys v0.0.0-20190215142949-d0b11bdaac8a/go.mod h1:STP8DvDyc/dI5b8T5hshtkjS+E42TnysNCUPdjciGhY=
golang.org/x/sys v0.0.0-20190412213103-97732733099d/go.mod h1:h1NjWce9XRLGQEsW7wpKNCjG9DtNlClVuFLEZdDNbEs=
golang.org/x/sys v0.0.0-20200930185726-fdedc70b468f/go.mod h1:h1NjWce9XRLGQEsW7wpKNCjG9DtNlClVuFLEZdDNbEs=
golang.org/x/sys v0.0.0-20210514084401-e8d321eab015 h1:hZR0X1kPW+nwyJ9xRxqZk1vx5RUObAPBdKVvXPDUH/E=
golang.org/x/text v0.3.0/go.mod h1:NqM8EUOU14njkJ3fqMW+pc6Ldnwhi/IjpwHt7yyuwOQ=
golang.org/x/text v0.3.3/go.mod h1:5Zoc/QRtKVWzQhOtBMvqHzDpF6irO9z98xDceosuGiQ=
golang.org/x/tools v0.0.0-20180917221912-90fa682c2a6e/go.mod h1:n7NCudcB/nEzxVGmLbDWY5pfWTLqBcC2KZ6jyYvM4mQ=
golang.org/x/tools v0.0.0-20191119224855-298f0cb1881e/go.mod h1:b+2E5dAYhXwXZwtnZ6UAqBI28+e2cm9otk0dWdXHAEo=
golang.org/x/tools v0.0.0-20201204222352-654352759326/go.mod h1:emZCQorbCU4vsT4fOWvOPXz4eW1wZW4PmDk9uLelYpA=
golang.org/x/tools v0.1.1 h1:wGiQel/hW0NnEkJUk8lbzkX2gFJU6PFxf1v5OlCfuOs=
golang.org/x/xerrors v0.0.0-20190717185122-a985d3407aa7/go.mod h1:I/5z698sn9Ka8TeJc9MKroUUfqBBauWjQqLJ2OPfmY0=
golang.org/x/xerrors v0.0.0-20191011141410-1b5146add898/go.mod h1:I/5z698sn9Ka8TeJc9MKroUUfqBBauWjQqLJ2OPfmY0=
golang.org/x/xerrors v0.0.0-20200804184101-5ec99f83aff1 h1:go1bK/D/BFZV2I8cIQd1NKEZ+0owSTG1fDTci4IqFcE=
golang.org/x/xerrors v0.0.0-20200804184101-5ec99f83aff1/go.mod h1:I/5z698sn9Ka8TeJc9MKroUUfqBBauWjQqLJ2OPfmY0=
honnef.co/go/tools v0.1.4 h1:SadWOkti5uVN1FAMgxn165+Mw00fuQKyk4Gyn/inxNQ=
